
Microsoft Visual Studio Solution File, Format Version 12.00
# Visual Studio 15
VisualStudioVersion = 15.0.26124.0
MinimumVisualStudioVersion = 15.0.26124.0
Project("{FAE04EC0-301F-11D3-BF4B-00C04F79EFBC}") = "SimpleSimulator", "SimpleSimulator\SimpleSimulator.csproj", "{114D7701-0748-427C-B307-397DDCA3AA4D}"
EndProject
Project("{FAE04EC0-301F-11D3-BF4B-00C04F79EFBC}") = "SimpleSimulator.CLI", "SimpleSimulator.CLI\SimpleSimulator.CLI.csproj", "{B592B15A-9D59-4E41-9809-E64E8B929FE7}"
EndProject
Global
	GlobalSection(SolutionConfigurationPlatforms) = preSolution
		Debug|Any CPU = Debug|Any CPU
		Debug|x64 = Debug|x64
		Debug|x86 = Debug|x86
		Release|Any CPU = Release|Any CPU
		Release|x64 = Release|x64
		Release|x86 = Release|x86
	EndGlobalSection
	GlobalSection(SolutionProperties) = preSolution
		HideSolutionNode = FALSE
	EndGlobalSection
	GlobalSection(ProjectConfigurationPlatforms) = postSolution
		{114D7701-0748-427C-B307-397DDCA3AA4D}.Debug|Any CPU.ActiveCfg = Debug|Any CPU
		{114D7701-0748-427C-B307-397DDCA3AA4D}.Debug|Any CPU.Build.0 = Debug|Any CPU
		{114D7701-0748-427C-B307-397DDCA3AA4D}.Debug|x64.ActiveCfg = Debug|x64
		{114D7701-0748-427C-B307-397DDCA3AA4D}.Debug|x64.Build.0 = Debug|x64
		{114D7701-0748-427C-B307-397DDCA3AA4D}.Debug|x86.ActiveCfg = Debug|x86
		{114D7701-0748-427C-B307-397DDCA3AA4D}.Debug|x86.Build.0 = Debug|x86
		{114D7701-0748-427C-B307-397DDCA3AA4D}.Release|Any CPU.ActiveCfg = Release|Any CPU
		{114D7701-0748-427C-B307-397DDCA3AA4D}.Release|Any CPU.Build.0 = Release|Any CPU
		{114D7701-0748-427C-B307-397DDCA3AA4D}.Release|x64.ActiveCfg = Release|x64
		{114D7701-0748-427C-B307-397DDCA3AA4D}.Release|x64.Build.0 = Release|x64
		{114D7701-0748-427C-B307-397DDCA3AA4D}.Release|x86.ActiveCfg = Release|x86
		{114D7701-0748-427C-B307-397DDCA3AA4D}.Release|x86.Build.0 = Release|x86
		{B592B15A-9D59-4E41-9809-E64E8B929FE7}.Debug|Any CPU.ActiveCfg = Debug|Any CPU
		{B592B15A-9D59-4E41-9809-E64E8B929FE7}.Debug|Any CPU.Build.0 = Debug|Any CPU
		{B592B15A-9D59-4E41-9809-E64E8B929FE7}.Debug|x64.ActiveCfg = Debug|x64
		{B592B15A-9D59-4E41-9809-E64E8B929FE7}.Debug|x64.Build.0 = Debug|x64
		{B592B15A-9D59-4E41-9809-E64E8B929FE7}.Debug|x86.ActiveCfg = Debug|x86
		{B592B15A-9D59-4E41-9809-E64E8B929FE7}.Debug|x86.Build.0 = Debug|x86
		{B592B15A-9D59-4E41-9809-E64E8B929FE7}.Release|Any CPU.ActiveCfg = Release|Any CPU
		{B592B15A-9D59-4E41-9809-E64E8B929FE7}.Release|Any CPU.Build.0 = Release|Any CPU
		{B592B15A-9D59-4E41-9809-E64E8B929FE7}.Release|x64.ActiveCfg = Release|x64
		{B592B15A-9D59-4E41-9809-E64E8B929FE7}.Release|x64.Build.0 = Release|x64
		{B592B15A-9D59-4E41-9809-E64E8B929FE7}.Release|x86.ActiveCfg = Release|x86
		{B592B15A-9D59-4E41-9809-E64E8B929FE7}.Release|x86.Build.0 = Release|x86
	EndGlobalSection
EndGlobal
